
Microsoft Visual Studio Solution File, Format Version 12.00
# Visual Studio Version 16
VisualStudioVersion = 16.0.29409.12
MinimumVisualStudioVersion = 10.0.40219.1
Project("{8BC9CEB8-8B4A-11D0-8D11-00A0C91BC942}") = "9.6", "9.6\9.6.vcxproj", "{CD12E9BE-C392-40C1-A8AD-F5E0510C2369}"
EndProject
Global
	GlobalSection(SolutionConfigurationPlatforms) = preSolution
		Debug|x64 = Debug|x64
		Debug|x86 = Debug|x86
		Release|x64 = Release|x64
		Release|x86 = Release|x86
	EndGlobalSection
	GlobalSection(ProjectConfigurationPlatforms) = postSolution
		{CD12E9BE-C392-40C1-A8AD-F5E0510C2369}.Debug|x64.ActiveCfg = Debug|x64
		{CD12E9BE-C392-40C1-A8AD-F5E0510C2369}.Debug|x64.Build.0 = Debug|x64
		{CD12E9BE-C392-40C1-A8AD-F5E0510C2369}.Debug|x86.ActiveCfg = Debug|Win32
		{CD12E9BE-C392-40C1-A8AD-F5E0510C2369}.Debug|x86.Build.0 = Debug|Win32
		{CD12E9BE-C392-40C1-A8AD-F5E0510C2369}.Release|x64.ActiveCfg = Release|x64
		{CD12E9BE-C392-40C1-A8AD-F5E0510C2369}.Release|x64.Build.0 = Release|x64
		{CD12E9BE-C392-40C1-A8AD-F5E0510C2369}.Release|x86.ActiveCfg = Release|Win32
		{CD12E9BE-C392-40C1-A8AD-F5E0510C2369}.Release|x86.Build.0 = Release|Win32
	EndGlobalSection
	GlobalSection(SolutionProperties) = preSolution
		HideSolutionNode = FALSE
	EndGlobalSection
	GlobalSection(ExtensibilityGlobals) = postSolution
		SolutionGuid = {9747B069-EA4B-4B9F-B577-855FC6BAB755}
	EndGlobalSection
EndGlobal
