
Microsoft Visual Studio Solution File, Format Version 12.00
# Visual Studio Version 16
VisualStudioVersion = 16.0.29215.179
MinimumVisualStudioVersion = 10.0.40219.1
Project("{8BC9CEB8-8B4A-11D0-8D11-00A0C91BC942}") = "11주차", "11주차\11주차.vcxproj", "{F08246B1-D5EE-4605-9DBB-EE6337EDE382}"
EndProject
Global
	GlobalSection(SolutionConfigurationPlatforms) = preSolution
		Debug|x64 = Debug|x64
		Debug|x86 = Debug|x86
		Release|x64 = Release|x64
		Release|x86 = Release|x86
	EndGlobalSection
	GlobalSection(ProjectConfigurationPlatforms) = postSolution
		{F08246B1-D5EE-4605-9DBB-EE6337EDE382}.Debug|x64.ActiveCfg = Debug|x64
		{F08246B1-D5EE-4605-9DBB-EE6337EDE382}.Debug|x64.Build.0 = Debug|x64
		{F08246B1-D5EE-4605-9DBB-EE6337EDE382}.Debug|x86.ActiveCfg = Debug|Win32
		{F08246B1-D5EE-4605-9DBB-EE6337EDE382}.Debug|x86.Build.0 = Debug|Win32
		{F08246B1-D5EE-4605-9DBB-EE6337EDE382}.Release|x64.ActiveCfg = Release|x64
		{F08246B1-D5EE-4605-9DBB-EE6337EDE382}.Release|x64.Build.0 = Release|x64
		{F08246B1-D5EE-4605-9DBB-EE6337EDE382}.Release|x86.ActiveCfg = Release|Win32
		{F08246B1-D5EE-4605-9DBB-EE6337EDE382}.Release|x86.Build.0 = Release|Win32
	EndGlobalSection
	GlobalSection(SolutionProperties) = preSolution
		HideSolutionNode = FALSE
	EndGlobalSection
	GlobalSection(ExtensibilityGlobals) = postSolution
		SolutionGuid = {F5AC7400-4860-411E-91EE-4901217BD666}
	EndGlobalSection
EndGlobal
